
Microsoft Visual Studio Solution File, Format Version 12.00
# Visual Studio Version 17
VisualStudioVersion = 17.14.36811.4 d17.14
MinimumVisualStudioVersion = 10.0.40219.1
Project("{FAE04EC0-301F-11D3-BF4B-00C04F79EFBC}") = "StudyCSharp", "StudyCSharp\StudyCSharp.csproj", "{355F6085-B5B6-4D45-B30B-A3A624062401}"
EndProject
Global
	GlobalSection(SolutionConfigurationPlatforms) = preSolution
		Debug|Any CPU = Debug|Any CPU
		Release|Any CPU = Release|Any CPU
	EndGlobalSection
	GlobalSection(ProjectConfigurationPlatforms) = postSolution
		{355F6085-B5B6-4D45-B30B-A3A624062401}.Debug|Any CPU.ActiveCfg = Debug|Any CPU
		{355F6085-B5B6-4D45-B30B-A3A624062401}.Debug|Any CPU.Build.0 = Debug|Any CPU
		{355F6085-B5B6-4D45-B30B-A3A624062401}.Release|Any CPU.ActiveCfg = Release|Any CPU
		{355F6085-B5B6-4D45-B30B-A3A624062401}.Release|Any CPU.Build.0 = Release|Any CPU
	EndGlobalSection
	GlobalSection(SolutionProperties) = preSolution
		HideSolutionNode = FALSE
	EndGlobalSection
	GlobalSection(ExtensibilityGlobals) = postSolution
		SolutionGuid = {E3D61756-A8D8-4D8D-B9D9-842FC83ED9BE}
	EndGlobalSection
EndGlobal
